
Microsoft Visual Studio Solution File, Format Version 12.00
# Visual Studio 15
VisualStudioVersion = 15.0.27428.2027
MinimumVisualStudioVersion = 10.0.40219.1
Project("{FAE04EC0-301F-11D3-BF4B-00C04F79EFBC}") = "aoc-2018", "aoc-2018\aoc-2018.csproj", "{D51DDDB1-E446-4430-BE83-BCCB061E8969}"
EndProject
Global
	GlobalSection(SolutionConfigurationPlatforms) = preSolution
		Debug|Any CPU = Debug|Any CPU
		Release|Any CPU = Release|Any CPU
	EndGlobalSection
	GlobalSection(ProjectConfigurationPlatforms) = postSolution
		{D51DDDB1-E446-4430-BE83-BCCB061E8969}.Debug|Any CPU.ActiveCfg = Debug|Any CPU
		{D51DDDB1-E446-4430-BE83-BCCB061E8969}.Debug|Any CPU.Build.0 = Debug|Any CPU
		{D51DDDB1-E446-4430-BE83-BCCB061E8969}.Release|Any CPU.ActiveCfg = Release|Any CPU
		{D51DDDB1-E446-4430-BE83-BCCB061E8969}.Release|Any CPU.Build.0 = Release|Any CPU
	EndGlobalSection
	GlobalSection(SolutionProperties) = preSolution
		HideSolutionNode = FALSE
	EndGlobalSection
	GlobalSection(ExtensibilityGlobals) = postSolution
		SolutionGuid = {A741F01C-233F-40A7-A43B-215EA0E139FB}
	EndGlobalSection
EndGlobal
